
Microsoft Visual Studio Solution File, Format Version 12.00
# Visual Studio Version 16
VisualStudioVersion = 16.0.31515.178
MinimumVisualStudioVersion = 10.0.40219.1
Project("{2150E333-8FDC-42A3-9474-1A3956D46DE8}") = "src", "src", "{C80543F3-648E-4D63-8340-D1B47D3131C8}"
EndProject
Project("{2150E333-8FDC-42A3-9474-1A3956D46DE8}") = "tests", "tests", "{060B2CDE-6D52-42CE-A815-70B702D7E703}"
EndProject
Project("{9A19103F-16F7-4668-BE54-9A1E7A4F7556}") = "Sistemaleilao.LeilaoOnline.Core", "Sistemaleilao.LeilaoOnline.Core\Sistemaleilao.LeilaoOnline.Core.csproj", "{3663953E-FFCC-4ED6-98F6-50BEDED01238}"
EndProject
Project("{9A19103F-16F7-4668-BE54-9A1E7A4F7556}") = "Sistemaleilao.LeilaoOnline.ConsoleApp", "Sistemaleilao.LeilaoOnline.ConsoleApp\Sistemaleilao.LeilaoOnline.ConsoleApp.csproj", "{60305272-F7C5-443A-9ED4-89415D05D3AF}"
EndProject
Project("{9A19103F-16F7-4668-BE54-9A1E7A4F7556}") = "Sistemaleilao.LeilaoOnline.Tests", "Sistemaleilao.LeilaoOnline.Tests\Sistemaleilao.LeilaoOnline.Tests.csproj", "{09182517-5630-465B-83E5-E29CFA9FAE6E}"
EndProject
Global
	GlobalSection(SolutionConfigurationPlatforms) = preSolution
		Debug|Any CPU = Debug|Any CPU
		Release|Any CPU = Release|Any CPU
	EndGlobalSection
	GlobalSection(ProjectConfigurationPlatforms) = postSolution
		{3663953E-FFCC-4ED6-98F6-50BEDED01238}.Debug|Any CPU.ActiveCfg = Debug|Any CPU
		{3663953E-FFCC-4ED6-98F6-50BEDED01238}.Debug|Any CPU.Build.0 = Debug|Any CPU
		{3663953E-FFCC-4ED6-98F6-50BEDED01238}.Release|Any CPU.ActiveCfg = Release|Any CPU
		{3663953E-FFCC-4ED6-98F6-50BEDED01238}.Release|Any CPU.Build.0 = Release|Any CPU
		{60305272-F7C5-443A-9ED4-89415D05D3AF}.Debug|Any CPU.ActiveCfg = Debug|Any CPU
		{60305272-F7C5-443A-9ED4-89415D05D3AF}.Debug|Any CPU.Build.0 = Debug|Any CPU
		{60305272-F7C5-443A-9ED4-89415D05D3AF}.Release|Any CPU.ActiveCfg = Release|Any CPU
		{60305272-F7C5-443A-9ED4-89415D05D3AF}.Release|Any CPU.Build.0 = Release|Any CPU
		{09182517-5630-465B-83E5-E29CFA9FAE6E}.Debug|Any CPU.ActiveCfg = Debug|Any CPU
		{09182517-5630-465B-83E5-E29CFA9FAE6E}.Debug|Any CPU.Build.0 = Debug|Any CPU
		{09182517-5630-465B-83E5-E29CFA9FAE6E}.Release|Any CPU.ActiveCfg = Release|Any CPU
		{09182517-5630-465B-83E5-E29CFA9FAE6E}.Release|Any CPU.Build.0 = Release|Any CPU
	EndGlobalSection
	GlobalSection(SolutionProperties) = preSolution
		HideSolutionNode = FALSE
	EndGlobalSection
	GlobalSection(NestedProjects) = preSolution
		{3663953E-FFCC-4ED6-98F6-50BEDED01238} = {C80543F3-648E-4D63-8340-D1B47D3131C8}
		{60305272-F7C5-443A-9ED4-89415D05D3AF} = {060B2CDE-6D52-42CE-A815-70B702D7E703}
		{09182517-5630-465B-83E5-E29CFA9FAE6E} = {060B2CDE-6D52-42CE-A815-70B702D7E703}
	EndGlobalSection
	GlobalSection(ExtensibilityGlobals) = postSolution
		SolutionGuid = {F047DFFC-5A65-4C77-AB55-BBAE424F4A7D}
	EndGlobalSection
EndGlobal
